
Microsoft Visual Studio Solution File, Format Version 12.00
# Visual Studio Version 17
VisualStudioVersion = 17.14.36908.2 d17.14
MinimumVisualStudioVersion = 10.0.40219.1
Project("{8BC9CEB8-8B4A-11D0-8D11-00A0C91BC942}") = "1.11CZGettingInputWithScanf.me", "1.11CZGettingInputWithScanf.me\1.11CZGettingInputWithScanf.me.vcxproj", "{0FEC4C95-E0E2-4893-B389-DE0B5CF9B44D}"
EndProject
Global
	GlobalSection(SolutionConfigurationPlatforms) = preSolution
		Debug|x64 = Debug|x64
		Debug|x86 = Debug|x86
		Release|x64 = Release|x64
		Release|x86 = Release|x86
	EndGlobalSection
	GlobalSection(ProjectConfigurationPlatforms) = postSolution
		{0FEC4C95-E0E2-4893-B389-DE0B5CF9B44D}.Debug|x64.ActiveCfg = Debug|x64
		{0FEC4C95-E0E2-4893-B389-DE0B5CF9B44D}.Debug|x64.Build.0 = Debug|x64
		{0FEC4C95-E0E2-4893-B389-DE0B5CF9B44D}.Debug|x86.ActiveCfg = Debug|Win32
		{0FEC4C95-E0E2-4893-B389-DE0B5CF9B44D}.Debug|x86.Build.0 = Debug|Win32
		{0FEC4C95-E0E2-4893-B389-DE0B5CF9B44D}.Release|x64.ActiveCfg = Release|x64
		{0FEC4C95-E0E2-4893-B389-DE0B5CF9B44D}.Release|x64.Build.0 = Release|x64
		{0FEC4C95-E0E2-4893-B389-DE0B5CF9B44D}.Release|x86.ActiveCfg = Release|Win32
		{0FEC4C95-E0E2-4893-B389-DE0B5CF9B44D}.Release|x86.Build.0 = Release|Win32
	EndGlobalSection
	GlobalSection(SolutionProperties) = preSolution
		HideSolutionNode = FALSE
	EndGlobalSection
	GlobalSection(ExtensibilityGlobals) = postSolution
		SolutionGuid = {B4125A2F-2621-4007-90C1-7A48BE1DFA62}
	EndGlobalSection
EndGlobal
