
Microsoft Visual Studio Solution File, Format Version 12.00
# Visual Studio Version 17
VisualStudioVersion = 17.14.36717.8 d17.14
MinimumVisualStudioVersion = 10.0.40219.1
Project("{8BC9CEB8-8B4A-11D0-8D11-00A0C91BC942}") = "1.36CZRoundingNumbers.me", "1.36CZRoundingNumbers.me\1.36CZRoundingNumbers.me.vcxproj", "{C5C9F1BE-ED57-44A9-A74F-174354C9C931}"
EndProject
Global
	GlobalSection(SolutionConfigurationPlatforms) = preSolution
		Debug|x64 = Debug|x64
		Debug|x86 = Debug|x86
		Release|x64 = Release|x64
		Release|x86 = Release|x86
	EndGlobalSection
	GlobalSection(ProjectConfigurationPlatforms) = postSolution
		{C5C9F1BE-ED57-44A9-A74F-174354C9C931}.Debug|x64.ActiveCfg = Debug|x64
		{C5C9F1BE-ED57-44A9-A74F-174354C9C931}.Debug|x64.Build.0 = Debug|x64
		{C5C9F1BE-ED57-44A9-A74F-174354C9C931}.Debug|x86.ActiveCfg = Debug|Win32
		{C5C9F1BE-ED57-44A9-A74F-174354C9C931}.Debug|x86.Build.0 = Debug|Win32
		{C5C9F1BE-ED57-44A9-A74F-174354C9C931}.Release|x64.ActiveCfg = Release|x64
		{C5C9F1BE-ED57-44A9-A74F-174354C9C931}.Release|x64.Build.0 = Release|x64
		{C5C9F1BE-ED57-44A9-A74F-174354C9C931}.Release|x86.ActiveCfg = Release|Win32
		{C5C9F1BE-ED57-44A9-A74F-174354C9C931}.Release|x86.Build.0 = Release|Win32
	EndGlobalSection
	GlobalSection(SolutionProperties) = preSolution
		HideSolutionNode = FALSE
	EndGlobalSection
	GlobalSection(ExtensibilityGlobals) = postSolution
		SolutionGuid = {8B43C96E-BA32-415B-990A-53D4F7866F23}
	EndGlobalSection
EndGlobal
