
Microsoft Visual Studio Solution File, Format Version 12.00
# Visual Studio Version 17
VisualStudioVersion = 17.14.36717.8 d17.14
MinimumVisualStudioVersion = 10.0.40219.1
Project("{8BC9CEB8-8B4A-11D0-8D11-00A0C91BC942}") = "1.37.1CZAbsoluteValuesWithAbs.me", "1.37.1CZAbsoluteValuesWithAbs.me\1.37.1CZAbsoluteValuesWithAbs.me.vcxproj", "{5491D630-32D3-423B-90EB-757A9FD256DD}"
EndProject
Global
	GlobalSection(SolutionConfigurationPlatforms) = preSolution
		Debug|x64 = Debug|x64
		Debug|x86 = Debug|x86
		Release|x64 = Release|x64
		Release|x86 = Release|x86
	EndGlobalSection
	GlobalSection(ProjectConfigurationPlatforms) = postSolution
		{5491D630-32D3-423B-90EB-757A9FD256DD}.Debug|x64.ActiveCfg = Debug|x64
		{5491D630-32D3-423B-90EB-757A9FD256DD}.Debug|x64.Build.0 = Debug|x64
		{5491D630-32D3-423B-90EB-757A9FD256DD}.Debug|x86.ActiveCfg = Debug|Win32
		{5491D630-32D3-423B-90EB-757A9FD256DD}.Debug|x86.Build.0 = Debug|Win32
		{5491D630-32D3-423B-90EB-757A9FD256DD}.Release|x64.ActiveCfg = Release|x64
		{5491D630-32D3-423B-90EB-757A9FD256DD}.Release|x64.Build.0 = Release|x64
		{5491D630-32D3-423B-90EB-757A9FD256DD}.Release|x86.ActiveCfg = Release|Win32
		{5491D630-32D3-423B-90EB-757A9FD256DD}.Release|x86.Build.0 = Release|Win32
	EndGlobalSection
	GlobalSection(SolutionProperties) = preSolution
		HideSolutionNode = FALSE
	EndGlobalSection
	GlobalSection(ExtensibilityGlobals) = postSolution
		SolutionGuid = {D9256903-A239-449F-A279-512506F129B7}
	EndGlobalSection
EndGlobal
