
Microsoft Visual Studio Solution File, Format Version 12.00
# Visual Studio Version 17
VisualStudioVersion = 17.14.37216.2 d17.14
MinimumVisualStudioVersion = 10.0.40219.1
Project("{8BC9CEB8-8B4A-11D0-8D11-00A0C91BC942}") = "1.29C.CBreak.me", "1.29C.CBreak.me\1.29C.CBreak.me.vcxproj", "{2E785C72-4DEA-441A-AE57-C08CD81A17A6}"
EndProject
Global
	GlobalSection(SolutionConfigurationPlatforms) = preSolution
		Debug|x64 = Debug|x64
		Debug|x86 = Debug|x86
		Release|x64 = Release|x64
		Release|x86 = Release|x86
	EndGlobalSection
	GlobalSection(ProjectConfigurationPlatforms) = postSolution
		{2E785C72-4DEA-441A-AE57-C08CD81A17A6}.Debug|x64.ActiveCfg = Debug|x64
		{2E785C72-4DEA-441A-AE57-C08CD81A17A6}.Debug|x64.Build.0 = Debug|x64
		{2E785C72-4DEA-441A-AE57-C08CD81A17A6}.Debug|x86.ActiveCfg = Debug|Win32
		{2E785C72-4DEA-441A-AE57-C08CD81A17A6}.Debug|x86.Build.0 = Debug|Win32
		{2E785C72-4DEA-441A-AE57-C08CD81A17A6}.Release|x64.ActiveCfg = Release|x64
		{2E785C72-4DEA-441A-AE57-C08CD81A17A6}.Release|x64.Build.0 = Release|x64
		{2E785C72-4DEA-441A-AE57-C08CD81A17A6}.Release|x86.ActiveCfg = Release|Win32
		{2E785C72-4DEA-441A-AE57-C08CD81A17A6}.Release|x86.Build.0 = Release|Win32
	EndGlobalSection
	GlobalSection(SolutionProperties) = preSolution
		HideSolutionNode = FALSE
	EndGlobalSection
	GlobalSection(ExtensibilityGlobals) = postSolution
		SolutionGuid = {3CD1C293-10F9-4F10-8C0A-1B8263DCE198}
	EndGlobalSection
EndGlobal
